Microsoft Visual Studio Solution File, Format Version 12.00
# Visual Studio Version 17
VisualStudioVersion = 17.5.2.0
MinimumVisualStudioVersion = 10.0.40219.1
Project("{FAE04EC0-301F-11D3-BF4B-00C04F79EFBC}") = "CineLog", "CineLog\CineLog.csproj", "{ED42DB10-1755-CAA8-E193-EC4D15CB07AE}"
EndProject
Global
	GlobalSection(SolutionConfigurationPlatforms) = preSolution
		Debug|Any CPU = Debug|Any CPU
		Release|Any CPU = Release|Any CPU
	EndGlobalSection
	GlobalSection(ProjectConfigurationPlatforms) = postSolution
		{ED42DB10-1755-CAA8-E193-EC4D15CB07AE}.Debug|Any CPU.ActiveCfg = Debug|Any CPU
		{ED42DB10-1755-CAA8-E193-EC4D15CB07AE}.Debug|Any CPU.Build.0 = Debug|Any CPU
		{ED42DB10-1755-CAA8-E193-EC4D15CB07AE}.Release|Any CPU.ActiveCfg = Release|Any CPU
		{ED42DB10-1755-CAA8-E193-EC4D15CB07AE}.Release|Any CPU.Build.0 = Release|Any CPU
	EndGlobalSection
	GlobalSection(SolutionProperties) = preSolution
		HideSolutionNode = FALSE
	EndGlobalSection
	GlobalSection(ExtensibilityGlobals) = postSolution
		SolutionGuid = {A028E39B-1664-413C-99A1-A1707A4EFD33}
	EndGlobalSection
EndGlobal
